
Microsoft Visual Studio Solution File, Format Version 12.00
# Visual Studio Version 16
VisualStudioVersion = 16.0.31019.35
MinimumVisualStudioVersion = 10.0.40219.1
Project("{FAE04EC0-301F-11D3-BF4B-00C04F79EFBC}") = "SaberTask2", "SaberTask2.csproj", "{BE9B8251-8361-48AC-8880-55FF5E950776}"
EndProject
Global
	GlobalSection(SolutionConfigurationPlatforms) = preSolution
		Debug|Any CPU = Debug|Any CPU
		Release|Any CPU = Release|Any CPU
	EndGlobalSection
	GlobalSection(ProjectConfigurationPlatforms) = postSolution
		{BE9B8251-8361-48AC-8880-55FF5E950776}.Debug|Any CPU.ActiveCfg = Debug|Any CPU
		{BE9B8251-8361-48AC-8880-55FF5E950776}.Debug|Any CPU.Build.0 = Debug|Any CPU
		{BE9B8251-8361-48AC-8880-55FF5E950776}.Release|Any CPU.ActiveCfg = Release|Any CPU
		{BE9B8251-8361-48AC-8880-55FF5E950776}.Release|Any CPU.Build.0 = Release|Any CPU
	EndGlobalSection
	GlobalSection(SolutionProperties) = preSolution
		HideSolutionNode = FALSE
	EndGlobalSection
	GlobalSection(ExtensibilityGlobals) = postSolution
		SolutionGuid = {C49EB0DD-ABA3-44BC-BDE1-A9AED8346445}
	EndGlobalSection
EndGlobal
